{
  "name": "digitalrcs-vscode-ai-bridge",
  "version": "0.0.7",
  "lockfileVersion": 3,
  "requires": true,
  "packages": {
    "": {
      "name": "digitalrcs-vscode-ai-bridge",
      "version": "0.0.7",
      "license": "GPL-3.0-or-later",
      "engines": {
        "vscode": "^1.100.0"
      }
    }
  }
}
